
Microsoft Visual Studio Solution File, Format Version 12.00
# Visual Studio 15
VisualStudioVersion = 15.0.26430.15
MinimumVisualStudioVersion = 10.0.40219.1
Project("{FAE04EC0-301F-11D3-BF4B-00C04F79EFBC}") = "Taxi_04", "Taxi_04\Taxi_04.csproj", "{5D730237-68F1-42B3-964F-34F4BE612415}"
EndProject
Global
	GlobalSection(SolutionConfigurationPlatforms) = preSolution
		Debug|Any CPU = Debug|Any CPU
		Release|Any CPU = Release|Any CPU
	EndGlobalSection
	GlobalSection(ProjectConfigurationPlatforms) = postSolution
		{5D730237-68F1-42B3-964F-34F4BE612415}.Debug|Any CPU.ActiveCfg = Debug|Any CPU
		{5D730237-68F1-42B3-964F-34F4BE612415}.Debug|Any CPU.Build.0 = Debug|Any CPU
		{5D730237-68F1-42B3-964F-34F4BE612415}.Release|Any CPU.ActiveCfg = Release|Any CPU
		{5D730237-68F1-42B3-964F-34F4BE612415}.Release|Any CPU.Build.0 = Release|Any CPU
	EndGlobalSection
	GlobalSection(SolutionProperties) = preSolution
		HideSolutionNode = FALSE
	EndGlobalSection
EndGlobal
